// !$*UTF8*$!
{
	archiveVersion = 1;
	classes = {
	};
	objectVersion = 46;
	objects = {

/* Begin PBXBuildFile section */
		4B75BFB21C9BE76E00212268 /* BookTests.m in Sources */ = {isa = PBXBuildFile; fileRef = 4B75BFB11C9BE76E00212268 /* BookTests.m */; };
		4B75BFBD1C9BE76E00212268 /* BookUITests.m in Sources */ = {isa = PBXBuildFile; fileRef = 4B75BFBC1C9BE76E00212268 /* BookUITests.m */; };
		C1E2431F0ADD6D82ACE6C66B /* libPods-Book.a in Frameworks */ = {isa = PBXBuildFile; fileRef = E49FFA91ECAC28015993FFF8 /* libPods-Book.a */; };
		D73683911D9506BD00B919E3 /* UIColor+AppConfig.m in Sources */ = {isa = PBXBuildFile; fileRef = D73683901D9506BD00B919E3 /* UIColor+AppConfig.m */; };
		D75E276F1D7A8B4500E34720 /* SearchSonViewController.m in Sources */ = {isa = PBXBuildFile; fileRef = D75E276E1D7A8B4500E34720 /* SearchSonViewController.m */; };
		D7DA83331D793F48000A7941 /* SearchModel.m in Sources */ = {isa = PBXBuildFile; fileRef = D7DA83321D793F48000A7941 /* SearchModel.m */; };
		D7DBDE921D72EB3900CFAE5E /* RDRGrowingTextView.m in Sources */ = {isa = PBXBuildFile; fileRef = D7DBDE8B1D72EB3900CFAE5E /* RDRGrowingTextView.m */; };
		D7DBDE9D1D72EB6B00CFAE5E /* ListTableViewCell.m in Sources */ = {isa = PBXBuildFile; fileRef = D7DBDE9A1D72EB6B00CFAE5E /* ListTableViewCell.m */; };
		D7DBDEAE1D72ECA600CFAE5E /* Book.m in Sources */ = {isa = PBXBuildFile; fileRef = D7DBDEA71D72ECA600CFAE5E /* Book.m */; };
		D7DBDEAF1D72ECA600CFAE5E /* BookInfoModel.m in Sources */ = {isa = PBXBuildFile; fileRef = D7DBDEA91D72ECA600CFAE5E /* BookInfoModel.m */; };
		D7DBDEB11D72ECA600CFAE5E /* UserInfoModel.m in Sources */ = {isa = PBXBuildFile; fileRef = D7DBDEAD1D72ECA600CFAE5E /* UserInfoModel.m */; };
		D7DBDEC71D72ED3400CFAE5E /* BookDetialViewController.m in Sources */ = {isa = PBXBuildFile; fileRef = D7DBDEB61D72ED3400CFAE5E /* BookDetialViewController.m */; };
		D7DBDEC81D72ED3400CFAE5E /* BookReviewViewController.m in Sources */ = {isa = PBXBuildFile; fileRef = D7DBDEB81D72ED3400CFAE5E /* BookReviewViewController.m */; };
		D7DBDEC91D72ED3400CFAE5E /* CheckBookViewController.m in Sources */ = {isa = PBXBuildFile; fileRef = D7DBDEBA1D72ED3400CFAE5E /* CheckBookViewController.m */; };
		D7DBDECA1D72ED3400CFAE5E /* HomeViewController.m in Sources */ = {isa = PBXBuildFile; fileRef = D7DBDEBD1D72ED3400CFAE5E /* HomeViewController.m */; };
		D7DBDECB1D72ED3400CFAE5E /* LoginViewController.m in Sources */ = {isa = PBXBuildFile; fileRef = D7DBDEBF1D72ED3400CFAE5E /* LoginViewController.m */; };
		D7DBDECC1D72ED3400CFAE5E /* SearchViewController.m in Sources */ = {isa = PBXBuildFile; fileRef = D7DBDEC11D72ED3400CFAE5E /* SearchViewController.m */; };
		D7DBDECD1D72ED3400CFAE5E /* TabBarViewController.m in Sources */ = {isa = PBXBuildFile; fileRef = D7DBDEC31D72ED3400CFAE5E /* TabBarViewController.m */; };
		D7DBDECE1D72ED3400CFAE5E /* UserViewController.m in Sources */ = {isa = PBXBuildFile; fileRef = D7DBDEC51D72ED3400CFAE5E /* UserViewController.m */; };
		D7DBDED71D72ED9B00CFAE5E /* AppDelegate.m in Sources */ = {isa = PBXBuildFile; fileRef = D7DBDED11D72ED9B00CFAE5E /* AppDelegate.m */; };
		D7DBDED81D72ED9B00CFAE5E /* Assets.xcassets in Resources */ = {isa = PBXBuildFile; fileRef = D7DBDED21D72ED9B00CFAE5E /* Assets.xcassets */; };
		D7DBDED91D72ED9B00CFAE5E /* LaunchScreen.storyboard in Resources */ = {isa = PBXBuildFile; fileRef = D7DBDED31D72ED9B00CFAE5E /* LaunchScreen.storyboard */; };
		D7DBDEDB1D72ED9B00CFAE5E /* main.m in Sources */ = {isa = PBXBuildFile; fileRef = D7DBDED61D72ED9B00CFAE5E /* main.m */; };
		D7DBDEDD1D72EDD800CFAE5E /* Info.plist in Resources */ = {isa = PBXBuildFile; fileRef = D7DBDEDC1D72EDD800CFAE5E /* Info.plist */; };
		D7DBDEF41D72EE4C00CFAE5E /* audited.png in Resources */ = {isa = PBXBuildFile; fileRef = D7DBDEE31D72EE4C00CFAE5E /* audited.png */; };
		D7DBDEF71D72EE4C00CFAE5E /* book_01.jpg in Resources */ = {isa = PBXBuildFile; fileRef = D7DBDEE61D72EE4C00CFAE5E /* book_01.jpg */; };
		D7DBDEF81D72EE4C00CFAE5E /* book_02.jpg in Resources */ = {isa = PBXBuildFile; fileRef = D7DBDEE71D72EE4C00CFAE5E /* book_02.jpg */; };
		D7DBDEF91D72EE4C00CFAE5E /* book_03.jpg in Resources */ = {isa = PBXBuildFile; fileRef = D7DBDEE81D72EE4C00CFAE5E /* book_03.jpg */; };
		D7DBDEFA1D72EE4C00CFAE5E /* book_04.jpg in Resources */ = {isa = PBXBuildFile; fileRef = D7DBDEE91D72EE4C00CFAE5E /* book_04.jpg */; };
		D7DBDEFB1D72EE4C00CFAE5E /* book_05.jpg in Resources */ = {isa = PBXBuildFile; fileRef = D7DBDEEA1D72EE4C00CFAE5E /* book_05.jpg */; };
		D7DBDEFC1D72EE4C00CFAE5E /* book_06.jpg in Resources */ = {isa = PBXBuildFile; fileRef = D7DBDEEB1D72EE4C00CFAE5E /* book_06.jpg */; };
		D7DBDEFD1D72EE4C00CFAE5E /* book_07.jpg in Resources */ = {isa = PBXBuildFile; fileRef = D7DBDEEC1D72EE4C00CFAE5E /* book_07.jpg */; };
		D7DBDEFE1D72EE4C00CFAE5E /* book_08.jpg in Resources */ = {isa = PBXBuildFile; fileRef = D7DBDEED1D72EE4C00CFAE5E /* book_08.jpg */; };
		D7DBDEFF1D72EE4C00CFAE5E /* book_09.jpg in Resources */ = {isa = PBXBuildFile; fileRef = D7DBDEEE1D72EE4C00CFAE5E /* book_09.jpg */; };
		D7DBDF001D72EE4C00CFAE5E /* book_10.jpg in Resources */ = {isa = PBXBuildFile; fileRef = D7DBDEEF1D72EE4C00CFAE5E /* book_10.jpg */; };
		D7DBDF011D72EE4C00CFAE5E /* CheckBook.png in Resources */ = {isa = PBXBuildFile; fileRef = D7DBDEF01D72EE4C00CFAE5E /* CheckBook.png */; };
		D7DBDF021D72EE4C00CFAE5E /* review.png in Resources */ = {isa = PBXBuildFile; fileRef = D7DBDEF11D72EE4C00CFAE5E /* review.png */; };
		D7DBDF031D72EE4C00CFAE5E /* right_black.png in Resources */ = {isa = PBXBuildFile; fileRef = D7DBDEF21D72EE4C00CFAE5E /* right_black.png */; };
		D7DBDF041D72EE4C00CFAE5E /* touxiang.png in Resources */ = {isa = PBXBuildFile; fileRef = D7DBDEF31D72EE4C00CFAE5E /* touxiang.png */; };
		D7EE88B91D7450C60073BF9C /* SystemConfiguration.framework in Frameworks */ = {isa = PBXBuildFile; fileRef = D7EE88B81D7450C60073BF9C /* SystemConfiguration.framework */; };
		D7EE88BC1D74653B0073BF9C /* BookDetialModel.m in Sources */ = {isa = PBXBuildFile; fileRef = D7EE88BB1D74653B0073BF9C /* BookDetialModel.m */; };
		D7FE1CF01D75BCFA00FC3397 /* BookReviewModel.m in Sources */ = {isa = PBXBuildFile; fileRef = D7FE1CEF1D75BCFA00FC3397 /* BookReviewModel.m */; };
/* End PBXBuildFile section */

/* Begin PBXContainerItemProxy section */
		4B75BFAE1C9BE76E00212268 /* PBXContainerItemProxy */ = {
			isa = PBXContainerItemProxy;
			containerPortal = 4B75BF891C9BE76D00212268 /* Project object */;
			proxyType = 1;
			remoteGlobalIDString = 4B75BF901C9BE76D00212268;
			remoteInfo = Book;
		};
		4B75BFB91C9BE76E00212268 /* PBXContainerItemProxy */ = {
			isa = PBXContainerItemProxy;
			containerPortal = 4B75BF891C9BE76D00212268 /* Project object */;
			proxyType = 1;
			remoteGlobalIDString = 4B75BF901C9BE76D00212268;
			remoteInfo = Book;
		};
/* End PBXContainerItemProxy section */

/* Begin PBXFileReference section */
		265D2E744411F0F6E71875EB /* Pods-Book.release.xcconfig */ = {isa = PBXFileReference; includeInIndex = 1; lastKnownFileType = text.xcconfig; name = "Pods-Book.release.xcconfig"; path = "Pods/Target Support Files/Pods-Book/Pods-Book.release.xcconfig"; sourceTree = "<group>"; };
		4B75BF911C9BE76D00212268 /* Book.app */ = {isa = PBXFileReference; explicitFileType = wrapper.application; includeInIndex = 0; path = Book.app; sourceTree = BUILT_PRODUCTS_DIR; };
		4B75BFAD1C9BE76E00212268 /* BookTests.xctest */ = {isa = PBXFileReference; explicitFileType = wrapper.cfbundle; includeInIndex = 0; path = BookTests.xctest; sourceTree = BUILT_PRODUCTS_DIR; };
		4B75BFB11C9BE76E00212268 /* BookTests.m */ = {isa = PBXFileReference; lastKnownFileType = sourcecode.c.objc; path = BookTests.m; sourceTree = "<group>"; };
		4B75BFB31C9BE76E00212268 /* Info.plist */ = {isa = PBXFileReference; lastKnownFileType = text.plist.xml; path = Info.plist; sourceTree = "<group>"; };
		4B75BFB81C9BE76E00212268 /* BookUITests.xctest */ = {isa = PBXFileReference; explicitFileType = wrapper.cfbundle; includeInIndex = 0; path = BookUITests.xctest; sourceTree = BUILT_PRODUCTS_DIR; };
		4B75BFBC1C9BE76E00212268 /* BookUITests.m */ = {isa = PBXFileReference; lastKnownFileType = sourcecode.c.objc; path = BookUITests.m; sourceTree = "<group>"; };
		4B75BFBE1C9BE76E00212268 /* Info.plist */ = {isa = PBXFileReference; lastKnownFileType = text.plist.xml; path = Info.plist; sourceTree = "<group>"; };
		950D2E529ECF91C3F69B99B3 /* Pods-Book.debug.xcconfig */ = {isa = PBXFileReference; includeInIndex = 1; lastKnownFileType = text.xcconfig; name = "Pods-Book.debug.xcconfig"; path = "Pods/Target Support Files/Pods-Book/Pods-Book.debug.xcconfig"; sourceTree = "<group>"; };
		D736838F1D9506BD00B919E3 /* UIColor+AppConfig.h */ = {isa = PBXFileReference; fileEncoding = 4; lastKnownFileType = sourcecode.c.h; path = "UIColor+AppConfig.h"; sourceTree = "<group>"; };
		D73683901D9506BD00B919E3 /* UIColor+AppConfig.m */ = {isa = PBXFileReference; fileEncoding = 4; lastKnownFileType = sourcecode.c.objc; path = "UIColor+AppConfig.m"; sourceTree = "<group>"; };
		D75E276D1D7A8B4500E34720 /* SearchSonViewController.h */ = {isa = PBXFileReference; fileEncoding = 4; lastKnownFileType = sourcecode.c.h; name = SearchSonViewController.h; path = MainViewController/SearchSonViewController.h; sourceTree = "<group>"; };
		D75E276E1D7A8B4500E34720 /* SearchSonViewController.m */ = {isa = PBXFileReference; fileEncoding = 4; lastKnownFileType = sourcecode.c.objc; name = SearchSonViewController.m; path = MainViewController/SearchSonViewController.m; sourceTree = "<group>"; };
		D7DA83311D793F48000A7941 /* SearchModel.h */ = {isa = PBXFileReference; fileEncoding = 4; lastKnownFileType = sourcecode.c.h; path = SearchModel.h; sourceTree = "<group>"; };
		D7DA83321D793F48000A7941 /* SearchModel.m */ = {isa = PBXFileReference; fileEncoding = 4; lastKnownFileType = sourcecode.c.objc; path = SearchModel.m; sourceTree = "<group>"; };
		D7DBDE8A1D72EB3900CFAE5E /* RDRGrowingTextView.h */ = {isa = PBXFileReference; fileEncoding = 4; lastKnownFileType = sourcecode.c.h; path = RDRGrowingTextView.h; sourceTree = "<group>"; };
		D7DBDE8B1D72EB3900CFAE5E /* RDRGrowingTextView.m */ = {isa = PBXFileReference; fileEncoding = 4; lastKnownFileType = sourcecode.c.objc; path = RDRGrowingTextView.m; sourceTree = "<group>"; };
		D7DBDE991D72EB6B00CFAE5E /* ListTableViewCell.h */ = {isa = PBXFileReference; fileEncoding = 4; lastKnownFileType = sourcecode.c.h; name = ListTableViewCell.h; path = View/ListTableViewCell.h; sourceTree = "<group>"; };
		D7DBDE9A1D72EB6B00CFAE5E /* ListTableViewCell.m */ = {isa = PBXFileReference; fileEncoding = 4; lastKnownFileType = sourcecode.c.objc; name = ListTableViewCell.m; path = View/ListTableViewCell.m; sourceTree = "<group>"; };
		D7DBDEA61D72ECA600CFAE5E /* Book.h */ = {isa = PBXFileReference; fileEncoding = 4; lastKnownFileType = sourcecode.c.h; path = Book.h; sourceTree = "<group>"; };
		D7DBDEA71D72ECA600CFAE5E /* Book.m */ = {isa = PBXFileReference; fileEncoding = 4; lastKnownFileType = sourcecode.c.objc; path = Book.m; sourceTree = "<group>"; };
		D7DBDEA81D72ECA600CFAE5E /* BookInfoModel.h */ = {isa = PBXFileReference; fileEncoding = 4; lastKnownFileType = sourcecode.c.h; path = BookInfoModel.h; sourceTree = "<group>"; };
		D7DBDEA91D72ECA600CFAE5E /* BookInfoModel.m */ = {isa = PBXFileReference; fileEncoding = 4; lastKnownFileType = sourcecode.c.objc; path = BookInfoModel.m; sourceTree = "<group>"; };
		D7DBDEAC1D72ECA600CFAE5E /* UserInfoModel.h */ = {isa = PBXFileReference; fileEncoding = 4; lastKnownFileType = sourcecode.c.h; path = UserInfoModel.h; sourceTree = "<group>"; };
		D7DBDEAD1D72ECA600CFAE5E /* UserInfoModel.m */ = {isa = PBXFileReference; fileEncoding = 4; lastKnownFileType = sourcecode.c.objc; path = UserInfoModel.m; sourceTree = "<group>"; };
		D7DBDEB51D72ED3400CFAE5E /* BookDetialViewController.h */ = {isa = PBXFileReference; fileEncoding = 4; lastKnownFileType = sourcecode.c.h; path = BookDetialViewController.h; sourceTree = "<group>"; };
		D7DBDEB61D72ED3400CFAE5E /* BookDetialViewController.m */ = {isa = PBXFileReference; fileEncoding = 4; lastKnownFileType = sourcecode.c.objc; path = BookDetialViewController.m; sourceTree = "<group>"; };
		D7DBDEB71D72ED3400CFAE5E /* BookReviewViewController.h */ = {isa = PBXFileReference; fileEncoding = 4; lastKnownFileType = sourcecode.c.h; path = BookReviewViewController.h; sourceTree = "<group>"; };
		D7DBDEB81D72ED3400CFAE5E /* BookReviewViewController.m */ = {isa = PBXFileReference; fileEncoding = 4; lastKnownFileType = sourcecode.c.objc; path = BookReviewViewController.m; sourceTree = "<group>"; };
		D7DBDEB91D72ED3400CFAE5E /* CheckBookViewController.h */ = {isa = PBXFileReference; fileEncoding = 4; lastKnownFileType = sourcecode.c.h; path = CheckBookViewController.h; sourceTree = "<group>"; };
		D7DBDEBA1D72ED3400CFAE5E /* CheckBookViewController.m */ = {isa = PBXFileReference; fileEncoding = 4; lastKnownFileType = sourcecode.c.objc; path = CheckBookViewController.m; sourceTree = "<group>"; };
		D7DBDEBC1D72ED3400CFAE5E /* HomeViewController.h */ = {isa = PBXFileReference; fileEncoding = 4; lastKnownFileType = sourcecode.c.h; path = HomeViewController.h; sourceTree = "<group>"; };
		D7DBDEBD1D72ED3400CFAE5E /* HomeViewController.m */ = {isa = PBXFileReference; fileEncoding = 4; lastKnownFileType = sourcecode.c.objc; path = HomeViewController.m; sourceTree = "<group>"; };
		D7DBDEBE1D72ED3400CFAE5E /* LoginViewController.h */ = {isa = PBXFileReference; fileEncoding = 4; lastKnownFileType = sourcecode.c.h; path = LoginViewController.h; sourceTree = "<group>"; };
		D7DBDEBF1D72ED3400CFAE5E /* LoginViewController.m */ = {isa = PBXFileReference; fileEncoding = 4; lastKnownFileType = sourcecode.c.objc; path = LoginViewController.m; sourceTree = "<group>"; };
		D7DBDEC01D72ED3400CFAE5E /* SearchViewController.h */ = {isa = PBXFileReference; fileEncoding = 4; lastKnownFileType = sourcecode.c.h; path = SearchViewController.h; sourceTree = "<group>"; };
		D7DBDEC11D72ED3400CFAE5E /* SearchViewController.m */ = {isa = PBXFileReference; fileEncoding = 4; lastKnownFileType = sourcecode.c.objc; path = SearchViewController.m; sourceTree = "<group>"; };
		D7DBDEC21D72ED3400CFAE5E /* TabBarViewController.h */ = {isa = PBXFileReference; fileEncoding = 4; lastKnownFileType = sourcecode.c.h; path = TabBarViewController.h; sourceTree = "<group>"; };
		D7DBDEC31D72ED3400CFAE5E /* TabBarViewController.m */ = {isa = PBXFileReference; fileEncoding = 4; lastKnownFileType = sourcecode.c.objc; path = TabBarViewController.m; sourceTree = "<group>"; };
		D7DBDEC41D72ED3400CFAE5E /* UserViewController.h */ = {isa = PBXFileReference; fileEncoding = 4; lastKnownFileType = sourcecode.c.h; path = UserViewController.h; sourceTree = "<group>"; };
		D7DBDEC51D72ED3400CFAE5E /* UserViewController.m */ = {isa = PBXFileReference; fileEncoding = 4; lastKnownFileType = sourcecode.c.objc; path = UserViewController.m; sourceTree = "<group>"; };
		D7DBDED01D72ED9B00CFAE5E /* AppDelegate.h */ = {isa = PBXFileReference; fileEncoding = 4; lastKnownFileType = sourcecode.c.h; path = AppDelegate.h; sourceTree = "<group>"; };
		D7DBDED11D72ED9B00CFAE5E /* AppDelegate.m */ = {isa = PBXFileReference; fileEncoding = 4; lastKnownFileType = sourcecode.c.objc; path = AppDelegate.m; sourceTree = "<group>"; };
		D7DBDED21D72ED9B00CFAE5E /* Assets.xcassets */ = {isa = PBXFileReference; lastKnownFileType = folder.assetcatalog; path = Assets.xcassets; sourceTree = "<group>"; };
		D7DBDED41D72ED9B00CFAE5E /* Base */ = {isa = PBXFileReference; lastKnownFileType = file.storyboard; name = Base; path = Base.lproj/LaunchScreen.storyboard; sourceTree = "<group>"; };
		D7DBDED61D72ED9B00CFAE5E /* main.m */ = {isa = PBXFileReference; fileEncoding = 4; lastKnownFileType = sourcecode.c.objc; path = main.m; sourceTree = "<group>"; };
		D7DBDEDC1D72EDD800CFAE5E /* Info.plist */ = {isa = PBXFileReference; fileEncoding = 4; lastKnownFileType = text.plist.xml; name = Info.plist; path = ../Info.plist; sourceTree = "<group>"; };
		D7DBDEE31D72EE4C00CFAE5E /* audited.png */ = {isa = PBXFileReference; lastKnownFileType = image.png; path = audited.png; sourceTree = "<group>"; };
		D7DBDEE61D72EE4C00CFAE5E /* book_01.jpg */ = {isa = PBXFileReference; lastKnownFileType = image.jpeg; path = book_01.jpg; sourceTree = "<group>"; };
		D7DBDEE71D72EE4C00CFAE5E /* book_02.jpg */ = {isa = PBXFileReference; lastKnownFileType = image.jpeg; path = book_02.jpg; sourceTree = "<group>"; };
		D7DBDEE81D72EE4C00CFAE5E /* book_03.jpg */ = {isa = PBXFileReference; lastKnownFileType = image.jpeg; path = book_03.jpg; sourceTree = "<group>"; };
		D7DBDEE91D72EE4C00CFAE5E /* book_04.jpg */ = {isa = PBXFileReference; lastKnownFileType = image.jpeg; path = book_04.jpg; sourceTree = "<group>"; };
		D7DBDEEA1D72EE4C00CFAE5E /* book_05.jpg */ = {isa = PBXFileReference; lastKnownFileType = image.jpeg; path = book_05.jpg; sourceTree = "<group>"; };
		D7DBDEEB1D72EE4C00CFAE5E /* book_06.jpg */ = {isa = PBXFileReference; lastKnownFileType = image.jpeg; path = book_06.jpg; sourceTree = "<group>"; };
		D7DBDEEC1D72EE4C00CFAE5E /* book_07.jpg */ = {isa = PBXFileReference; lastKnownFileType = image.jpeg; path = book_07.jpg; sourceTree = "<group>"; };
		D7DBDEED1D72EE4C00CFAE5E /* book_08.jpg */ = {isa = PBXFileReference; lastKnownFileType = image.jpeg; path = book_08.jpg; sourceTree = "<group>"; };
		D7DBDEEE1D72EE4C00CFAE5E /* book_09.jpg */ = {isa = PBXFileReference; lastKnownFileType = image.jpeg; path = book_09.jpg; sourceTree = "<group>"; };
		D7DBDEEF1D72EE4C00CFAE5E /* book_10.jpg */ = {isa = PBXFileReference; lastKnownFileType = image.jpeg; path = book_10.jpg; sourceTree = "<group>"; };
		D7DBDEF01D72EE4C00CFAE5E /* CheckBook.png */ = {isa = PBXFileReference; lastKnownFileType = image.png; path = CheckBook.png; sourceTree = "<group>"; };
		D7DBDEF11D72EE4C00CFAE5E /* review.png */ = {isa = PBXFileReference; lastKnownFileType = image.png; path = review.png; sourceTree = "<group>"; };
		D7DBDEF21D72EE4C00CFAE5E /* right_black.png */ = {isa = PBXFileReference; lastKnownFileType = image.png; path = right_black.png; sourceTree = "<group>"; };
		D7DBDEF31D72EE4C00CFAE5E /* touxiang.png */ = {isa = PBXFileReference; lastKnownFileType = image.png; path = touxiang.png; sourceTree = "<group>"; };
		D7EE88B81D7450C60073BF9C /* SystemConfiguration.framework */ = {isa = PBXFileReference; lastKnownFileType = wrapper.framework; name = SystemConfiguration.framework; path = System/Library/Frameworks/SystemConfiguration.framework; sourceTree = SDKROOT; };
		D7EE88BA1D74653B0073BF9C /* BookDetialModel.h */ = {isa = PBXFileReference; fileEncoding = 4; lastKnownFileType = sourcecode.c.h; path = BookDetialModel.h; sourceTree = "<group>"; };
		D7EE88BB1D74653B0073BF9C /* BookDetialModel.m */ = {isa = PBXFileReference; fileEncoding = 4; lastKnownFileType = sourcecode.c.objc; path = BookDetialModel.m; sourceTree = "<group>"; };
		D7FE1CEE1D75BCFA00FC3397 /* BookReviewModel.h */ = {isa = PBXFileReference; fileEncoding = 4; lastKnownFileType = sourcecode.c.h; path = BookReviewModel.h; sourceTree = "<group>"; };
		D7FE1CEF1D75BCFA00FC3397 /* BookReviewModel.m */ = {isa = PBXFileReference; fileEncoding = 4; lastKnownFileType = sourcecode.c.objc; path = BookReviewModel.m; sourceTree = "<group>"; };
		E49FFA91ECAC28015993FFF8 /* libPods-Book.a */ = {isa = PBXFileReference; explicitFileType = archive.ar; includeInIndex = 0; path = "libPods-Book.a"; sourceTree = BUILT_PRODUCTS_DIR; };
/* End PBXFileReference section */

/* Begin PBXFrameworksBuildPhase section */
		4B75BF8E1C9BE76D00212268 /* Frameworks */ = {
			isa = PBXFrameworksBuildPhase;
			buildActionMask = 2147483647;
			files = (
				D7EE88B91D7450C60073BF9C /* SystemConfiguration.framework in Frameworks */,
				C1E2431F0ADD6D82ACE6C66B /* libPods-Book.a in Frameworks */,
			);
			runOnlyForDeploymentPostprocessing = 0;
		};
		4B75BFAA1C9BE76E00212268 /* Frameworks */ = {
			isa = PBXFrameworksBuildPhase;
			buildActionMask = 2147483647;
			files = (
			);
			runOnlyForDeploymentPostprocessing = 0;
		};
		4B75BFB51C9BE76E00212268 /* Frameworks */ = {
			isa = PBXFrameworksBuildPhase;
			buildActionMask = 2147483647;
			files = (
			);
			runOnlyForDeploymentPostprocessing = 0;
		};
/* End PBXFrameworksBuildPhase section */

/* Begin PBXGroup section */
		4B75BF881C9BE76D00212268 = {
			isa = PBXGroup;
			children = (
				4B75BF931C9BE76D00212268 /* Book */,
				4B75BFB01C9BE76E00212268 /* BookTests */,
				4B75BFBB1C9BE76E00212268 /* BookUITests */,
				4B75BF921C9BE76D00212268 /* Products */,
				A493B0BDA0E00FA59830E6D5 /* Pods */,
				8870DDC77E2637C13DAAD406 /* Frameworks */,
			);
			sourceTree = "<group>";
		};
		4B75BF921C9BE76D00212268 /* Products */ = {
			isa = PBXGroup;
			children = (
				4B75BF911C9BE76D00212268 /* Book.app */,
				4B75BFAD1C9BE76E00212268 /* BookTests.xctest */,
				4B75BFB81C9BE76E00212268 /* BookUITests.xctest */,
			);
			name = Products;
			sourceTree = "<group>";
		};
		4B75BF931C9BE76D00212268 /* Book */ = {
			isa = PBXGroup;
			children = (
				D736838E1D95066D00B919E3 /* Common */,
				D7DBDEA51D72ECA600CFAE5E /* Model */,
				4BA0AD2F1CA1147D003EBE65 /* View */,
				D7DBDEB21D72ED3400CFAE5E /* Controller */,
				D7DBDECF1D72ED9B00CFAE5E /* Supporting Files */,
				D7DBDEE21D72EE4C00CFAE5E /* ImageSource */,
			);
			path = Book;
			sourceTree = "<group>";
		};
		4B75BFB01C9BE76E00212268 /* BookTests */ = {
			isa = PBXGroup;
			children = (
				4B75BFB11C9BE76E00212268 /* BookTests.m */,
				4B75BFB31C9BE76E00212268 /* Info.plist */,
			);
			path = BookTests;
			sourceTree = "<group>";
		};
		4B75BFBB1C9BE76E00212268 /* BookUITests */ = {
			isa = PBXGroup;
			children = (
				4B75BFBC1C9BE76E00212268 /* BookUITests.m */,
				4B75BFBE1C9BE76E00212268 /* Info.plist */,
			);
			path = BookUITests;
			sourceTree = "<group>";
		};
		4BA0AD2F1CA1147D003EBE65 /* View */ = {
			isa = PBXGroup;
			children = (
				D7DBDE891D72EB3900CFAE5E /* KeyboardView */,
				D7DBDE991D72EB6B00CFAE5E /* ListTableViewCell.h */,
				D7DBDE9A1D72EB6B00CFAE5E /* ListTableViewCell.m */,
			);
			name = View;
			sourceTree = "<group>";
		};
		8870DDC77E2637C13DAAD406 /* Frameworks */ = {
			isa = PBXGroup;
			children = (
				D7EE88B81D7450C60073BF9C /* SystemConfiguration.framework */,
				E49FFA91ECAC28015993FFF8 /* libPods-Book.a */,
			);
			name = Frameworks;
			sourceTree = "<group>";
		};
		A493B0BDA0E00FA59830E6D5 /* Pods */ = {
			isa = PBXGroup;
			children = (
				950D2E529ECF91C3F69B99B3 /* Pods-Book.debug.xcconfig */,
				265D2E744411F0F6E71875EB /* Pods-Book.release.xcconfig */,
			);
			name = Pods;
			sourceTree = "<group>";
		};
		D736838E1D95066D00B919E3 /* Common */ = {
			isa = PBXGroup;
			children = (
				D736838F1D9506BD00B919E3 /* UIColor+AppConfig.h */,
				D73683901D9506BD00B919E3 /* UIColor+AppConfig.m */,
			);
			path = Common;
			sourceTree = "<group>";
		};
		D7DBDE891D72EB3900CFAE5E /* KeyboardView */ = {
			isa = PBXGroup;
			children = (
				D7DBDE8A1D72EB3900CFAE5E /* RDRGrowingTextView.h */,
				D7DBDE8B1D72EB3900CFAE5E /* RDRGrowingTextView.m */,
			);
			name = KeyboardView;
			path = View/KeyboardView;
			sourceTree = "<group>";
		};
		D7DBDEA51D72ECA600CFAE5E /* Model */ = {
			isa = PBXGroup;
			children = (
				D7DBDEA61D72ECA600CFAE5E /* Book.h */,
				D7DBDEA71D72ECA600CFAE5E /* Book.m */,
				D7DBDEA81D72ECA600CFAE5E /* BookInfoModel.h */,
				D7DBDEA91D72ECA600CFAE5E /* BookInfoModel.m */,
				D7DBDEAC1D72ECA600CFAE5E /* UserInfoModel.h */,
				D7DBDEAD1D72ECA600CFAE5E /* UserInfoModel.m */,
				D7EE88BA1D74653B0073BF9C /* BookDetialModel.h */,
				D7EE88BB1D74653B0073BF9C /* BookDetialModel.m */,
				D7FE1CEE1D75BCFA00FC3397 /* BookReviewModel.h */,
				D7FE1CEF1D75BCFA00FC3397 /* BookReviewModel.m */,
				D7DA83311D793F48000A7941 /* SearchModel.h */,
				D7DA83321D793F48000A7941 /* SearchModel.m */,
			);
			path = Model;
			sourceTree = "<group>";
		};
		D7DBDEB21D72ED3400CFAE5E /* Controller */ = {
			isa = PBXGroup;
			children = (
				D7DBDEBB1D72ED3400CFAE5E /* MainViewController */,
				D75E276D1D7A8B4500E34720 /* SearchSonViewController.h */,
				D75E276E1D7A8B4500E34720 /* SearchSonViewController.m */,
				D7DBDEB51D72ED3400CFAE5E /* BookDetialViewController.h */,
				D7DBDEB61D72ED3400CFAE5E /* BookDetialViewController.m */,
				D7DBDEB71D72ED3400CFAE5E /* BookReviewViewController.h */,
				D7DBDEB81D72ED3400CFAE5E /* BookReviewViewController.m */,
				D7DBDEB91D72ED3400CFAE5E /* CheckBookViewController.h */,
				D7DBDEBA1D72ED3400CFAE5E /* CheckBookViewController.m */,
			);
			path = Controller;
			sourceTree = "<group>";
		};
		D7DBDEBB1D72ED3400CFAE5E /* MainViewController */ = {
			isa = PBXGroup;
			children = (
				D7DBDEBC1D72ED3400CFAE5E /* HomeViewController.h */,
				D7DBDEBD1D72ED3400CFAE5E /* HomeViewController.m */,
				D7DBDEBE1D72ED3400CFAE5E /* LoginViewController.h */,
				D7DBDEBF1D72ED3400CFAE5E /* LoginViewController.m */,
				D7DBDEC01D72ED3400CFAE5E /* SearchViewController.h */,
				D7DBDEC11D72ED3400CFAE5E /* SearchViewController.m */,
				D7DBDEC21D72ED3400CFAE5E /* TabBarViewController.h */,
				D7DBDEC31D72ED3400CFAE5E /* TabBarViewController.m */,
				D7DBDEC41D72ED3400CFAE5E /* UserViewController.h */,
				D7DBDEC51D72ED3400CFAE5E /* UserViewController.m */,
			);
			path = MainViewController;
			sourceTree = "<group>";
		};
		D7DBDECF1D72ED9B00CFAE5E /* Supporting Files */ = {
			isa = PBXGroup;
			children = (
				D7DBDEDC1D72EDD800CFAE5E /* Info.plist */,
				D7DBDED01D72ED9B00CFAE5E /* AppDelegate.h */,
				D7DBDED11D72ED9B00CFAE5E /* AppDelegate.m */,
				D7DBDED21D72ED9B00CFAE5E /* Assets.xcassets */,
				D7DBDED31D72ED9B00CFAE5E /* LaunchScreen.storyboard */,
				D7DBDED61D72ED9B00CFAE5E /* main.m */,
			);
			path = "Supporting Files";
			sourceTree = "<group>";
		};
		D7DBDEE21D72EE4C00CFAE5E /* ImageSource */ = {
			isa = PBXGroup;
			children = (
				D7DBDEE31D72EE4C00CFAE5E /* audited.png */,
				D7DBDEE61D72EE4C00CFAE5E /* book_01.jpg */,
				D7DBDEE71D72EE4C00CFAE5E /* book_02.jpg */,
				D7DBDEE81D72EE4C00CFAE5E /* book_03.jpg */,
				D7DBDEE91D72EE4C00CFAE5E /* book_04.jpg */,
				D7DBDEEA1D72EE4C00CFAE5E /* book_05.jpg */,
				D7DBDEEB1D72EE4C00CFAE5E /* book_06.jpg */,
				D7DBDEEC1D72EE4C00CFAE5E /* book_07.jpg */,
				D7DBDEED1D72EE4C00CFAE5E /* book_08.jpg */,
				D7DBDEEE1D72EE4C00CFAE5E /* book_09.jpg */,
				D7DBDEEF1D72EE4C00CFAE5E /* book_10.jpg */,
				D7DBDEF01D72EE4C00CFAE5E /* CheckBook.png */,
				D7DBDEF11D72EE4C00CFAE5E /* review.png */,
				D7DBDEF21D72EE4C00CFAE5E /* right_black.png */,
				D7DBDEF31D72EE4C00CFAE5E /* touxiang.png */,
			);
			path = ImageSource;
			sourceTree = "<group>";
		};
/* End PBXGroup section */

/* Begin PBXNativeTarget section */
		4B75BF901C9BE76D00212268 /* Book */ = {
			isa = PBXNativeTarget;
			buildConfigurationList = 4B75BFC11C9BE76E00212268 /* Build configuration list for PBXNativeTarget "Book" */;
			buildPhases = (
				9932C094C9C170E3D7FD221B /* [CP] Check Pods Manifest.lock */,
				4B75BF8D1C9BE76D00212268 /* Sources */,
				4B75BF8E1C9BE76D00212268 /* Frameworks */,
				4B75BF8F1C9BE76D00212268 /* Resources */,
				0C3BA47AD94344164D186139 /* [CP] Embed Pods Frameworks */,
				B6D94D3BEEA7B4E440562D92 /* [CP] Copy Pods Resources */,
			);
			buildRules = (
			);
			dependencies = (
			);
			name = Book;
			productName = Book;
			productReference = 4B75BF911C9BE76D00212268 /* Book.app */;
			productType = "com.apple.product-type.application";
		};
		4B75BFAC1C9BE76E00212268 /* BookTests */ = {
			isa = PBXNativeTarget;
			buildConfigurationList = 4B75BFC41C9BE76E00212268 /* Build configuration list for PBXNativeTarget "BookTests" */;
			buildPhases = (
				4B75BFA91C9BE76E00212268 /* Sources */,
				4B75BFAA1C9BE76E00212268 /* Frameworks */,
				4B75BFAB1C9BE76E00212268 /* Resources */,
			);
			buildRules = (
			);
			dependencies = (
				4B75BFAF1C9BE76E00212268 /* PBXTargetDependency */,
			);
			name = BookTests;
			productName = BookTests;
			productReference = 4B75BFAD1C9BE76E00212268 /* BookTests.xctest */;
			productType = "com.apple.product-type.bundle.unit-test";
		};
		4B75BFB71C9BE76E00212268 /* BookUITests */ = {
			isa = PBXNativeTarget;
			buildConfigurationList = 4B75BFC71C9BE76E00212268 /* Build configuration list for PBXNativeTarget "BookUITests" */;
			buildPhases = (
				4B75BFB41C9BE76E00212268 /* Sources */,
				4B75BFB51C9BE76E00212268 /* Frameworks */,
				4B75BFB61C9BE76E00212268 /* Resources */,
			);
			buildRules = (
			);
			dependencies = (
				4B75BFBA1C9BE76E00212268 /* PBXTargetDependency */,
			);
			name = BookUITests;
			productName = BookUITests;
			productReference = 4B75BFB81C9BE76E00212268 /* BookUITests.xctest */;
			productType = "com.apple.product-type.bundle.ui-testing";
		};
/* End PBXNativeTarget section */

/* Begin PBXProject section */
		4B75BF891C9BE76D00212268 /* Project object */ = {
			isa = PBXProject;
			attributes = {
				LastUpgradeCheck = 0730;
				ORGANIZATIONNAME = software;
				TargetAttributes = {
					4B75BF901C9BE76D00212268 = {
						CreatedOnToolsVersion = 7.3;
						DevelopmentTeam = V5QYPYR594;
					};
					4B75BFAC1C9BE76E00212268 = {
						CreatedOnToolsVersion = 7.3;
						DevelopmentTeam = V5QYPYR594;
						TestTargetID = 4B75BF901C9BE76D00212268;
					};
					4B75BFB71C9BE76E00212268 = {
						CreatedOnToolsVersion = 7.3;
						DevelopmentTeam = V5QYPYR594;
						TestTargetID = 4B75BF901C9BE76D00212268;
					};
				};
			};
			buildConfigurationList = 4B75BF8C1C9BE76D00212268 /* Build configuration list for PBXProject "Book" */;
			compatibilityVersion = "Xcode 3.2";
			developmentRegion = English;
			hasScannedForEncodings = 0;
			knownRegions = (
				en,
				Base,
			);
			mainGroup = 4B75BF881C9BE76D00212268;
			productRefGroup = 4B75BF921C9BE76D00212268 /* Products */;
			projectDirPath = "";
			projectRoot = "";
			targets = (
				4B75BF901C9BE76D00212268 /* Book */,
				4B75BFAC1C9BE76E00212268 /* BookTests */,
				4B75BFB71C9BE76E00212268 /* BookUITests */,
			);
		};
/* End PBXProject section */

/* Begin PBXResourcesBuildPhase section */
		4B75BF8F1C9BE76D00212268 /* Resources */ = {
			isa = PBXResourcesBuildPhase;
			buildActionMask = 2147483647;
			files = (
				D7DBDF011D72EE4C00CFAE5E /* CheckBook.png in Resources */,
				D7DBDEDD1D72EDD800CFAE5E /* Info.plist in Resources */,
				D7DBDEFB1D72EE4C00CFAE5E /* book_05.jpg in Resources */,
				D7DBDF041D72EE4C00CFAE5E /* touxiang.png in Resources */,
				D7DBDEFA1D72EE4C00CFAE5E /* book_04.jpg in Resources */,
				D7DBDED81D72ED9B00CFAE5E /* Assets.xcassets in Resources */,
				D7DBDEF41D72EE4C00CFAE5E /* audited.png in Resources */,
				D7DBDEF91D72EE4C00CFAE5E /* book_03.jpg in Resources */,
				D7DBDEFC1D72EE4C00CFAE5E /* book_06.jpg in Resources */,
				D7DBDEFF1D72EE4C00CFAE5E /* book_09.jpg in Resources */,
				D7DBDEF71D72EE4C00CFAE5E /* book_01.jpg in Resources */,
				D7DBDF001D72EE4C00CFAE5E /* book_10.jpg in Resources */,
				D7DBDEFE1D72EE4C00CFAE5E /* book_08.jpg in Resources */,
				D7DBDEF81D72EE4C00CFAE5E /* book_02.jpg in Resources */,
				D7DBDEFD1D72EE4C00CFAE5E /* book_07.jpg in Resources */,
				D7DBDED91D72ED9B00CFAE5E /* LaunchScreen.storyboard in Resources */,
				D7DBDF031D72EE4C00CFAE5E /* right_black.png in Resources */,
				D7DBDF021D72EE4C00CFAE5E /* review.png in Resources */,
			);
			runOnlyForDeploymentPostprocessing = 0;
		};
		4B75BFAB1C9BE76E00212268 /* Resources */ = {
			isa = PBXResourcesBuildPhase;
			buildActionMask = 2147483647;
			files = (
			);
			runOnlyForDeploymentPostprocessing = 0;
		};
		4B75BFB61C9BE76E00212268 /* Resources */ = {
			isa = PBXResourcesBuildPhase;
			buildActionMask = 2147483647;
			files = (
			);
			runOnlyForDeploymentPostprocessing = 0;
		};
/* End PBXResourcesBuildPhase section */

/* Begin PBXShellScriptBuildPhase section */
		0C3BA47AD94344164D186139 /* [CP] Embed Pods Frameworks */ = {
			isa = PBXShellScriptBuildPhase;
			buildActionMask = 2147483647;
			files = (
			);
			inputPaths = (
			);
			name = "[CP] Embed Pods Frameworks";
			outputPaths = (
			);
			runOnlyForDeploymentPostprocessing = 0;
			shellPath = /bin/sh;
			shellScript = "\"${SRCROOT}/Pods/Target Support Files/Pods-Book/Pods-Book-frameworks.sh\"\n";
			showEnvVarsInLog = 0;
		};
		9932C094C9C170E3D7FD221B /* [CP] Check Pods Manifest.lock */ = {
			isa = PBXShellScriptBuildPhase;
			buildActionMask = 2147483647;
			files = (
			);
			inputPaths = (
			);
			name = "[CP] Check Pods Manifest.lock";
			outputPaths = (
			);
			runOnlyForDeploymentPostprocessing = 0;
			shellPath = /bin/sh;
			shellScript = "diff \"${PODS_ROOT}/../Podfile.lock\" \"${PODS_ROOT}/Manifest.lock\" > /dev/null\nif [[ $? != 0 ]] ; then\n    cat << EOM\nerror: The sandbox is not in sync with the Podfile.lock. Run 'pod install' or update your CocoaPods installation.\nEOM\n    exit 1\nfi\n";
			showEnvVarsInLog = 0;
		};
		B6D94D3BEEA7B4E440562D92 /* [CP] Copy Pods Resources */ = {
			isa = PBXShellScriptBuildPhase;
			buildActionMask = 2147483647;
			files = (
			);
			inputPaths = (
			);
			name = "[CP] Copy Pods Resources";
			outputPaths = (
			);
			runOnlyForDeploymentPostprocessing = 0;
			shellPath = /bin/sh;
			shellScript = "\"${SRCROOT}/Pods/Target Support Files/Pods-Book/Pods-Book-resources.sh\"\n";
			showEnvVarsInLog = 0;
		};
/* End PBXShellScriptBuildPhase section */

/* Begin PBXSourcesBuildPhase section */
		4B75BF8D1C9BE76D00212268 /* Sources */ = {
			isa = PBXSourcesBuildPhase;
			buildActionMask = 2147483647;
			files = (
				D7EE88BC1D74653B0073BF9C /* BookDetialModel.m in Sources */,
				D7DBDEC81D72ED3400CFAE5E /* BookReviewViewController.m in Sources */,
				D7FE1CF01D75BCFA00FC3397 /* BookReviewModel.m in Sources */,
				D7DBDECC1D72ED3400CFAE5E /* SearchViewController.m in Sources */,
				D7DBDEB11D72ECA600CFAE5E /* UserInfoModel.m in Sources */,
				D73683911D9506BD00B919E3 /* UIColor+AppConfig.m in Sources */,
				D7DA83331D793F48000A7941 /* SearchModel.m in Sources */,
				D7DBDECA1D72ED3400CFAE5E /* HomeViewController.m in Sources */,
				D7DBDECE1D72ED3400CFAE5E /* UserViewController.m in Sources */,
				D7DBDEAE1D72ECA600CFAE5E /* Book.m in Sources */,
				D7DBDE921D72EB3900CFAE5E /* RDRGrowingTextView.m in Sources */,
				D7DBDE9D1D72EB6B00CFAE5E /* ListTableViewCell.m in Sources */,
				D7DBDEC71D72ED3400CFAE5E /* BookDetialViewController.m in Sources */,
				D7DBDEAF1D72ECA600CFAE5E /* BookInfoModel.m in Sources */,
				D75E276F1D7A8B4500E34720 /* SearchSonViewController.m in Sources */,
				D7DBDECD1D72ED3400CFAE5E /* TabBarViewController.m in Sources */,
				D7DBDECB1D72ED3400CFAE5E /* LoginViewController.m in Sources */,
				D7DBDEC91D72ED3400CFAE5E /* CheckBookViewController.m in Sources */,
				D7DBDEDB1D72ED9B00CFAE5E /* main.m in Sources */,
				D7DBDED71D72ED9B00CFAE5E /* AppDelegate.m in Sources */,
			);
			runOnlyForDeploymentPostprocessing = 0;
		};
		4B75BFA91C9BE76E00212268 /* Sources */ = {
			isa = PBXSourcesBuildPhase;
			buildActionMask = 2147483647;
			files = (
				4B75BFB21C9BE76E00212268 /* BookTests.m in Sources */,
			);
			runOnlyForDeploymentPostprocessing = 0;
		};
		4B75BFB41C9BE76E00212268 /* Sources */ = {
			isa = PBXSourcesBuildPhase;
			buildActionMask = 2147483647;
			files = (
				4B75BFBD1C9BE76E00212268 /* BookUITests.m in Sources */,
			);
			runOnlyForDeploymentPostprocessing = 0;
		};
/* End PBXSourcesBuildPhase section */

/* Begin PBXTargetDependency section */
		4B75BFAF1C9BE76E00212268 /* PBXTargetDependency */ = {
			isa = PBXTargetDependency;
			target = 4B75BF901C9BE76D00212268 /* Book */;
			targetProxy = 4B75BFAE1C9BE76E00212268 /* PBXContainerItemProxy */;
		};
		4B75BFBA1C9BE76E00212268 /* PBXTargetDependency */ = {
			isa = PBXTargetDependency;
			target = 4B75BF901C9BE76D00212268 /* Book */;
			targetProxy = 4B75BFB91C9BE76E00212268 /* PBXContainerItemProxy */;
		};
/* End PBXTargetDependency section */

/* Begin PBXVariantGroup section */
		D7DBDED31D72ED9B00CFAE5E /* LaunchScreen.storyboard */ = {
			isa = PBXVariantGroup;
			children = (
				D7DBDED41D72ED9B00CFAE5E /* Base */,
			);
			name = LaunchScreen.storyboard;
			sourceTree = "<group>";
		};
/* End PBXVariantGroup section */

/* Begin XCBuildConfiguration section */
		4B75BFBF1C9BE76E00212268 /* Debug */ = {
			isa = XCBuildConfiguration;
			buildSettings = {
				ALWAYS_SEARCH_USER_PATHS = NO;
				CLANG_ANALYZER_NONNULL = YES;
				CLANG_CXX_LANGUAGE_STANDARD = "gnu++0x";
				CLANG_CXX_LIBRARY = "libc++";
				CLANG_ENABLE_MODULES = YES;
				CLANG_ENABLE_OBJC_ARC = YES;
				CLANG_WARN_BOOL_CONVERSION = YES;
				CLANG_WARN_CONSTANT_CONVERSION = YES;
				CLANG_WARN_DIRECT_OBJC_ISA_USAGE = YES_ERROR;
				CLANG_WARN_EMPTY_BODY = YES;
				CLANG_WARN_ENUM_CONVERSION = YES;
				CLANG_WARN_INT_CONVERSION = YES;
				CLANG_WARN_OBJC_ROOT_CLASS = YES_ERROR;
				CLANG_WARN_UNREACHABLE_CODE = YES;
				CLANG_WARN__DUPLICATE_METHOD_MATCH = YES;
				"CODE_SIGN_IDENTITY[sdk=iphoneos*]" = "iPhone Developer";
				COPY_PHASE_STRIP = NO;
				DEBUG_INFORMATION_FORMAT = dwarf;
				ENABLE_STRICT_OBJC_MSGSEND = YES;
				ENABLE_TESTABILITY = YES;
				GCC_C_LANGUAGE_STANDARD = gnu99;
				GCC_DYNAMIC_NO_PIC = NO;
				GCC_NO_COMMON_BLOCKS = YES;
				GCC_OPTIMIZATION_LEVEL = 0;
				GCC_PREPROCESSOR_DEFINITIONS = (
					"DEBUG=1",
					"$(inherited)",
				);
				GCC_WARN_64_TO_32_BIT_CONVERSION = YES;
				GCC_WARN_ABOUT_RETURN_TYPE = YES_ERROR;
				GCC_WARN_UNDECLARED_SELECTOR = YES;
				GCC_WARN_UNINITIALIZED_AUTOS = YES_AGGRESSIVE;
				GCC_WARN_UNUSED_FUNCTION = YES;
				GCC_WARN_UNUSED_VARIABLE = YES;
				IPHONEOS_DEPLOYMENT_TARGET = 9.3;
				MTL_ENABLE_DEBUG_INFO = YES;
				ONLY_ACTIVE_ARCH = YES;
				SDKROOT = iphoneos;
			};
			name = Debug;
		};
		4B75BFC01C9BE76E00212268 /* Release */ = {
			isa = XCBuildConfiguration;
			buildSettings = {
				ALWAYS_SEARCH_USER_PATHS = NO;
				CLANG_ANALYZER_NONNULL = YES;
				CLANG_CXX_LANGUAGE_STANDARD = "gnu++0x";
				CLANG_CXX_LIBRARY = "libc++";
				CLANG_ENABLE_MODULES = YES;
				CLANG_ENABLE_OBJC_ARC = YES;
				CLANG_WARN_BOOL_CONVERSION = YES;
				CLANG_WARN_CONSTANT_CONVERSION = YES;
				CLANG_WARN_DIRECT_OBJC_ISA_USAGE = YES_ERROR;
				CLANG_WARN_EMPTY_BODY = YES;
				CLANG_WARN_ENUM_CONVERSION = YES;
				CLANG_WARN_INT_CONVERSION = YES;
				CLANG_WARN_OBJC_ROOT_CLASS = YES_ERROR;
				CLANG_WARN_UNREACHABLE_CODE = YES;
				CLANG_WARN__DUPLICATE_METHOD_MATCH = YES;
				"CODE_SIGN_IDENTITY[sdk=iphoneos*]" = "iPhone Developer";
				COPY_PHASE_STRIP = NO;
				DEBUG_INFORMATION_FORMAT = "dwarf-with-dsym";
				ENABLE_NS_ASSERTIONS = NO;
				ENABLE_STRICT_OBJC_MSGSEND = YES;
				GCC_C_LANGUAGE_STANDARD = gnu99;
				GCC_NO_COMMON_BLOCKS = YES;
				GCC_WARN_64_TO_32_BIT_CONVERSION = YES;
				GCC_WARN_ABOUT_RETURN_TYPE = YES_ERROR;
				GCC_WARN_UNDECLARED_SELECTOR = YES;
				GCC_WARN_UNINITIALIZED_AUTOS = YES_AGGRESSIVE;
				GCC_WARN_UNUSED_FUNCTION = YES;
				GCC_WARN_UNUSED_VARIABLE = YES;
				IPHONEOS_DEPLOYMENT_TARGET = 9.3;
				MTL_ENABLE_DEBUG_INFO = NO;
				SDKROOT = iphoneos;
				VALIDATE_PRODUCT = YES;
			};
			name = Release;
		};
		4B75BFC21C9BE76E00212268 /* Debug */ = {
			isa = XCBuildConfiguration;
			baseConfigurationReference = 950D2E529ECF91C3F69B99B3 /* Pods-Book.debug.xcconfig */;
			buildSettings = {
				ASSETCATALOG_COMPILER_APPICON_NAME = AppIcon;
				CODE_SIGN_IDENTITY = "iPhone Developer";
				"CODE_SIGN_IDENTITY[sdk=iphoneos*]" = "iPhone Developer";
				DEVELOPMENT_TEAM = V5QYPYR594;
				INFOPLIST_FILE = Book/Info.plist;
				IPHONEOS_DEPLOYMENT_TARGET = 9.3;
				LD_RUNPATH_SEARCH_PATHS = "$(inherited) @executable_path/Frameworks";
				PRODUCT_BUNDLE_IDENTIFIER = Martin.Book;
				PRODUCT_NAME = "$(TARGET_NAME)";
				PROVISIONING_PROFILE = "";
			};
			name = Debug;
		};
		4B75BFC31C9BE76E00212268 /* Release */ = {
			isa = XCBuildConfiguration;
			baseConfigurationReference = 265D2E744411F0F6E71875EB /* Pods-Book.release.xcconfig */;
			buildSettings = {
				ASSETCATALOG_COMPILER_APPICON_NAME = AppIcon;
				CODE_SIGN_IDENTITY = "iPhone Developer";
				"CODE_SIGN_IDENTITY[sdk=iphoneos*]" = "iPhone Developer";
				DEVELOPMENT_TEAM = V5QYPYR594;
				INFOPLIST_FILE = Book/Info.plist;
				IPHONEOS_DEPLOYMENT_TARGET = 9.3;
				LD_RUNPATH_SEARCH_PATHS = "$(inherited) @executable_path/Frameworks";
				PRODUCT_BUNDLE_IDENTIFIER = Martin.Book;
				PRODUCT_NAME = "$(TARGET_NAME)";
				PROVISIONING_PROFILE = "";
			};
			name = Release;
		};
		4B75BFC51C9BE76E00212268 /* Debug */ = {
			isa = XCBuildConfiguration;
			buildSettings = {
				BUNDLE_LOADER = "$(TEST_HOST)";
				INFOPLIST_FILE = BookTests/Info.plist;
				LD_RUNPATH_SEARCH_PATHS = "$(inherited) @executable_path/Frameworks @loader_path/Frameworks";
				PRODUCT_BUNDLE_IDENTIFIER = Martin.BookTests;
				PRODUCT_NAME = "$(TARGET_NAME)";
				TEST_HOST = "$(BUILT_PRODUCTS_DIR)/Book.app/Book";
			};
			name = Debug;
		};
		4B75BFC61C9BE76E00212268 /* Release */ = {
			isa = XCBuildConfiguration;
			buildSettings = {
				BUNDLE_LOADER = "$(TEST_HOST)";
				INFOPLIST_FILE = BookTests/Info.plist;
				LD_RUNPATH_SEARCH_PATHS = "$(inherited) @executable_path/Frameworks @loader_path/Frameworks";
				PRODUCT_BUNDLE_IDENTIFIER = Martin.BookTests;
				PRODUCT_NAME = "$(TARGET_NAME)";
				TEST_HOST = "$(BUILT_PRODUCTS_DIR)/Book.app/Book";
			};
			name = Release;
		};
		4B75BFC81C9BE76E00212268 /* Debug */ = {
			isa = XCBuildConfiguration;
			buildSettings = {
				INFOPLIST_FILE = BookUITests/Info.plist;
				LD_RUNPATH_SEARCH_PATHS = "$(inherited) @executable_path/Frameworks @loader_path/Frameworks";
				PRODUCT_BUNDLE_IDENTIFIER = Martin.BookUITests;
				PRODUCT_NAME = "$(TARGET_NAME)";
				TEST_TARGET_NAME = Book;
			};
			name = Debug;
		};
		4B75BFC91C9BE76E00212268 /* Release */ = {
			isa = XCBuildConfiguration;
			buildSettings = {
				INFOPLIST_FILE = BookUITests/Info.plist;
				LD_RUNPATH_SEARCH_PATHS = "$(inherited) @executable_path/Frameworks @loader_path/Frameworks";
				PRODUCT_BUNDLE_IDENTIFIER = Martin.BookUITests;
				PRODUCT_NAME = "$(TARGET_NAME)";
				TEST_TARGET_NAME = Book;
			};
			name = Release;
		};
/* End XCBuildConfiguration section */

/* Begin XCConfigurationList section */
		4B75BF8C1C9BE76D00212268 /* Build configuration list for PBXProject "Book" */ = {
			isa = XCConfigurationList;
			buildConfigurations = (
				4B75BFBF1C9BE76E00212268 /* Debug */,
				4B75BFC01C9BE76E00212268 /* Release */,
			);
			defaultConfigurationIsVisible = 0;
			defaultConfigurationName = Release;
		};
		4B75BFC11C9BE76E00212268 /* Build configuration list for PBXNativeTarget "Book" */ = {
			isa = XCConfigurationList;
			buildConfigurations = (
				4B75BFC21C9BE76E00212268 /* Debug */,
				4B75BFC31C9BE76E00212268 /* Release */,
			);
			defaultConfigurationIsVisible = 0;
			defaultConfigurationName = Release;
		};
		4B75BFC41C9BE76E00212268 /* Build configuration list for PBXNativeTarget "BookTests" */ = {
			isa = XCConfigurationList;
			buildConfigurations = (
				4B75BFC51C9BE76E00212268 /* Debug */,
				4B75BFC61C9BE76E00212268 /* Release */,
			);
			defaultConfigurationIsVisible = 0;
			defaultConfigurationName = Release;
		};
		4B75BFC71C9BE76E00212268 /* Build configuration list for PBXNativeTarget "BookUITests" */ = {
			isa = XCConfigurationList;
			buildConfigurations = (
				4B75BFC81C9BE76E00212268 /* Debug */,
				4B75BFC91C9BE76E00212268 /* Release */,
			);
			defaultConfigurationIsVisible = 0;
			defaultConfigurationName = Release;
		};
/* End XCConfigurationList section */
	};
	rootObject = 4B75BF891C9BE76D00212268 /* Project object */;
}
